
Microsoft Visual Studio Solution File, Format Version 12.00
# Visual Studio Version 17
VisualStudioVersion = 17.4.33213.308
MinimumVisualStudioVersion = 10.0.40219.1
Project("{FAE04EC0-301F-11D3-BF4B-00C04F79EFBC}") = "Pool Club", "Pool Club\Pool Club.csproj", "{D2460585-E7FB-4D53-BFD7-33335C2EE93D}"
EndProject
Global
	GlobalSection(SolutionConfigurationPlatforms) = preSolution
		Debug|Any CPU = Debug|Any CPU
		Release|Any CPU = Release|Any CPU
	EndGlobalSection
	GlobalSection(ProjectConfigurationPlatforms) = postSolution
		{D2460585-E7FB-4D53-BFD7-33335C2EE93D}.Debug|Any CPU.ActiveCfg = Debug|Any CPU
		{D2460585-E7FB-4D53-BFD7-33335C2EE93D}.Debug|Any CPU.Build.0 = Debug|Any CPU
		{D2460585-E7FB-4D53-BFD7-33335C2EE93D}.Release|Any CPU.ActiveCfg = Release|Any CPU
		{D2460585-E7FB-4D53-BFD7-33335C2EE93D}.Release|Any CPU.Build.0 = Release|Any CPU
	EndGlobalSection
	GlobalSection(SolutionProperties) = preSolution
		HideSolutionNode = FALSE
	EndGlobalSection
	GlobalSection(ExtensibilityGlobals) = postSolution
		SolutionGuid = {3F5550E3-75DF-4247-BDE7-BC5D42EC5948}
	EndGlobalSection
EndGlobal
